// !$*UTF8*$!
{
	archiveVersion = 1;
	classes = {
	};
	objectVersion = 77;
	objects = {

/* Begin PBXContainerItemProxy section */
		5C4182DD2E2E7F6D002814DC /* PBXContainerItemProxy */ = {
			isa = PBXContainerItemProxy;
			containerPortal = 5C4182C72E2E7F6C002814DC /* Project object */;
			proxyType = 1;
			remoteGlobalIDString = 5C4182CE2E2E7F6C002814DC;
			remoteInfo = DaysToGo;
		};
		5C4182E72E2E7F6D002814DC /* PBXContainerItemProxy */ = {
			isa = PBXContainerItemProxy;
			containerPortal = 5C4182C72E2E7F6C002814DC /* Project object */;
			proxyType = 1;
			remoteGlobalIDString = 5C4182CE2E2E7F6C002814DC;
			remoteInfo = DaysToGo;
		};
/* End PBXContainerItemProxy section */

/* Begin PBXFileReference section */
		5C4182CF2E2E7F6C002814DC /* DaysToGo.app */ = {isa = PBXFileReference; explicitFileType = wrapper.application; includeInIndex = 0; path = DaysToGo.app; sourceTree = BUILT_PRODUCTS_DIR; };
		5C4182DC2E2E7F6D002814DC /* DaysToGoTests.xctest */ = {isa = PBXFileReference; explicitFileType = wrapper.cfbundle; includeInIndex = 0; path = DaysToGoTests.xctest; sourceTree = BUILT_PRODUCTS_DIR; };
		5C4182E62E2E7F6D002814DC /* DaysToGoUITests.xctest */ = {isa = PBXFileReference; explicitFileType = wrapper.cfbundle; includeInIndex = 0; path = DaysToGoUITests.xctest; sourceTree = BUILT_PRODUCTS_DIR; };
/* End PBXFileReference section */

/* Begin PBXFileSystemSynchronizedBuildFileExceptionSet section */
		5C41830C2E3231C2002814DC /* Exceptions for "DaysToGo" folder in "DaysToGo" target */ = {
			isa = PBXFileSystemSynchronizedBuildFileExceptionSet;
			membershipExceptions = (
				Info.plist,
			);
			target = 5C4182CE2E2E7F6C002814DC /* DaysToGo */;
		};
/* End PBXFileSystemSynchronizedBuildFileExceptionSet section */

/* Begin PBXFileSystemSynchronizedRootGroup section */
		5C4182D12E2E7F6C002814DC /* DaysToGo */ = {
			isa = PBXFileSystemSynchronizedRootGroup;
			exceptions = (
				5C41830C2E3231C2002814DC /* Exceptions for "DaysToGo" folder in "DaysToGo" target */,
			);
			path = DaysToGo;
			sourceTree = "<group>";
		};
		5C4182DF2E2E7F6D002814DC /* DaysToGoTests */ = {
			isa = PBXFileSystemSynchronizedRootGroup;
			path = DaysToGoTests;
			sourceTree = "<group>";
		};
		5C4182E92E2E7F6D002814DC /* DaysToGoUITests */ = {
			isa = PBXFileSystemSynchronizedRootGroup;
			path = DaysToGoUITests;
			sourceTree = "<group>";
		};
/* End PBXFileSystemSynchronizedRootGroup section */

/* Begin PBXFrameworksBuildPhase section */
		5C4182CC2E2E7F6C002814DC /* Frameworks */ = {
			isa = PBXFrameworksBuildPhase;
			buildActionMask = 2147483647;
			files = (
			);
			runOnlyForDeploymentPostprocessing = 0;
		};
		5C4182D92E2E7F6D002814DC /* Frameworks */ = {
			isa = PBXFrameworksBuildPhase;
			buildActionMask = 2147483647;
			files = (
			);
			runOnlyForDeploymentPostprocessing = 0;
		};
		5C4182E32E2E7F6D002814DC /* Frameworks */ = {
			isa = PBXFrameworksBuildPhase;
			buildActionMask = 2147483647;
			files = (
			);
			runOnlyForDeploymentPostprocessing = 0;
		};
/* End PBXFrameworksBuildPhase section */

/* Begin PBXGroup section */
		5C4182C62E2E7F6C002814DC = {
			isa = PBXGroup;
			children = (
				5C4182D12E2E7F6C002814DC /* DaysToGo */,
				5C4182DF2E2E7F6D002814DC /* DaysToGoTests */,
				5C4182E92E2E7F6D002814DC /* DaysToGoUITests */,
				5C4182D02E2E7F6C002814DC /* Products */,
			);
			sourceTree = "<group>";
		};
		5C4182D02E2E7F6C002814DC /* Products */ = {
			isa = PBXGroup;
			children = (
				5C4182CF2E2E7F6C002814DC /* DaysToGo.app */,
				5C4182DC2E2E7F6D002814DC /* DaysToGoTests.xctest */,
				5C4182E62E2E7F6D002814DC /* DaysToGoUITests.xctest */,
			);
			name = Products;
			sourceTree = "<group>";
		};
/* End PBXGroup section */

/* Begin PBXNativeTarget section */
		5C4182CE2E2E7F6C002814DC /* DaysToGo */ = {
			isa = PBXNativeTarget;
			buildConfigurationList = 5C4182F02E2E7F6E002814DC /* Build configuration list for PBXNativeTarget "DaysToGo" */;
			buildPhases = (
				5C4182CB2E2E7F6C002814DC /* Sources */,
				5C4182CC2E2E7F6C002814DC /* Frameworks */,
				5C4182CD2E2E7F6C002814DC /* Resources */,
			);
			buildRules = (
			);
			dependencies = (
			);
			fileSystemSynchronizedGroups = (
				5C4182D12E2E7F6C002814DC /* DaysToGo */,
			);
			name = DaysToGo;
			packageProductDependencies = (
			);
			productName = DaysToGo;
			productReference = 5C4182CF2E2E7F6C002814DC /* DaysToGo.app */;
			productType = "com.apple.product-type.application";
		};
		5C4182DB2E2E7F6D002814DC /* DaysToGoTests */ = {
			isa = PBXNativeTarget;
			buildConfigurationList = 5C4182F32E2E7F6E002814DC /* Build configuration list for PBXNativeTarget "DaysToGoTests" */;
			buildPhases = (
				5C4182D82E2E7F6D002814DC /* Sources */,
				5C4182D92E2E7F6D002814DC /* Frameworks */,
				5C4182DA2E2E7F6D002814DC /* Resources */,
			);
			buildRules = (
			);
			dependencies = (
				5C4182DE2E2E7F6D002814DC /* PBXTargetDependency */,
			);
			fileSystemSynchronizedGroups = (
				5C4182DF2E2E7F6D002814DC /* DaysToGoTests */,
			);
			name = DaysToGoTests;
			packageProductDependencies = (
			);
			productName = DaysToGoTests;
			productReference = 5C4182DC2E2E7F6D002814DC /* DaysToGoTests.xctest */;
			productType = "com.apple.product-type.bundle.unit-test";
		};
		5C4182E52E2E7F6D002814DC /* DaysToGoUITests */ = {
			isa = PBXNativeTarget;
			buildConfigurationList = 5C4182F62E2E7F6E002814DC /* Build configuration list for PBXNativeTarget "DaysToGoUITests" */;
			buildPhases = (
				5C4182E22E2E7F6D002814DC /* Sources */,
				5C4182E32E2E7F6D002814DC /* Frameworks */,
				5C4182E42E2E7F6D002814DC /* Resources */,
			);
			buildRules = (
			);
			dependencies = (
				5C4182E82E2E7F6D002814DC /* PBXTargetDependency */,
			);
			fileSystemSynchronizedGroups = (
				5C4182E92E2E7F6D002814DC /* DaysToGoUITests */,
			);
			name = DaysToGoUITests;
			packageProductDependencies = (
			);
			productName = DaysToGoUITests;
			productReference = 5C4182E62E2E7F6D002814DC /* DaysToGoUITests.xctest */;
			productType = "com.apple.product-type.bundle.ui-testing";
		};
/* End PBXNativeTarget section */

/* Begin PBXProject section */
		5C4182C72E2E7F6C002814DC /* Project object */ = {
			isa = PBXProject;
			attributes = {
				BuildIndependentTargetsInParallel = 1;
				LastSwiftUpdateCheck = 1640;
				LastUpgradeCheck = 1640;
				TargetAttributes = {
					5C4182CE2E2E7F6C002814DC = {
						CreatedOnToolsVersion = 16.4;
					};
					5C4182DB2E2E7F6D002814DC = {
						CreatedOnToolsVersion = 16.4;
						TestTargetID = 5C4182CE2E2E7F6C002814DC;
					};
					5C4182E52E2E7F6D002814DC = {
						CreatedOnToolsVersion = 16.4;
						TestTargetID = 5C4182CE2E2E7F6C002814DC;
					};
				};
			};
			buildConfigurationList = 5C4182CA2E2E7F6C002814DC /* Build configuration list for PBXProject "DaysToGo" */;
			developmentRegion = en;
			hasScannedForEncodings = 0;
			knownRegions = (
				en,
				Base,
			);
			mainGroup = 5C4182C62E2E7F6C002814DC;
			minimizedProjectReferenceProxies = 1;
			preferredProjectObjectVersion = 77;
			productRefGroup = 5C4182D02E2E7F6C002814DC /* Products */;
			projectDirPath = "";
			projectRoot = "";
			targets = (
				5C4182CE2E2E7F6C002814DC /* DaysToGo */,
				5C4182DB2E2E7F6D002814DC /* DaysToGoTests */,
				5C4182E52E2E7F6D002814DC /* DaysToGoUITests */,
			);
		};
/* End PBXProject section */

/* Begin PBXResourcesBuildPhase section */
		5C4182CD2E2E7F6C002814DC /* Resources */ = {
			isa = PBXResourcesBuildPhase;
			buildActionMask = 2147483647;
			files = (
			);
			runOnlyForDeploymentPostprocessing = 0;
		};
		5C4182DA2E2E7F6D002814DC /* Resources */ = {
			isa = PBXResourcesBuildPhase;
			buildActionMask = 2147483647;
			files = (
			);
			runOnlyForDeploymentPostprocessing = 0;
		};
		5C4182E42E2E7F6D002814DC /* Resources */ = {
			isa = PBXResourcesBuildPhase;
			buildActionMask = 2147483647;
			files = (
			);
			runOnlyForDeploymentPostprocessing = 0;
		};
/* End PBXResourcesBuildPhase section */

/* Begin PBXSourcesBuildPhase section */
		5C4182CB2E2E7F6C002814DC /* Sources */ = {
			isa = PBXSourcesBuildPhase;
			buildActionMask = 2147483647;
			files = (
			);
			runOnlyForDeploymentPostprocessing = 0;
		};
		5C4182D82E2E7F6D002814DC /* Sources */ = {
			isa = PBXSourcesBuildPhase;
			buildActionMask = 2147483647;
			files = (
			);
			runOnlyForDeploymentPostprocessing = 0;
		};
		5C4182E22E2E7F6D002814DC /* Sources */ = {
			isa = PBXSourcesBuildPhase;
			buildActionMask = 2147483647;
			files = (
			);
			runOnlyForDeploymentPostprocessing = 0;
		};
/* End PBXSourcesBuildPhase section */

/* Begin PBXTargetDependency section */
		5C4182DE2E2E7F6D002814DC /* PBXTargetDependency */ = {
			isa = PBXTargetDependency;
			target = 5C4182CE2E2E7F6C002814DC /* DaysToGo */;
			targetProxy = 5C4182DD2E2E7F6D002814DC /* PBXContainerItemProxy */;
		};
		5C4182E82E2E7F6D002814DC /* PBXTargetDependency */ = {
			isa = PBXTargetDependency;
			target = 5C4182CE2E2E7F6C002814DC /* DaysToGo */;
			targetProxy = 5C4182E72E2E7F6D002814DC /* PBXContainerItemProxy */;
		};
/* End PBXTargetDependency section */

/* Begin XCBuildConfiguration section */
		5C4182EE2E2E7F6E002814DC /* Debug */ = {
			isa = XCBuildConfiguration;
			buildSettings = {
				ALWAYS_SEARCH_USER_PATHS = NO;
				ASSETCATALOG_COMPILER_GENERATE_SWIFT_ASSET_SYMBOL_EXTENSIONS = YES;
				CLANG_ANALYZER_NONNULL = YES;
				CLANG_ANALYZER_NUMBER_OBJECT_CONVERSION = YES_AGGRESSIVE;
				CLANG_CXX_LANGUAGE_STANDARD = "gnu++20";
				CLANG_ENABLE_MODULES = YES;
				CLANG_ENABLE_OBJC_ARC = YES;
				CLANG_ENABLE_OBJC_WEAK = YES;
				CLANG_WARN_BLOCK_CAPTURE_AUTORELEASING = YES;
				CLANG_WARN_BOOL_CONVERSION = YES;
				CLANG_WARN_COMMA = YES;
				CLANG_WARN_CONSTANT_CONVERSION = YES;
				CLANG_WARN_DEPRECATED_OBJC_IMPLEMENTATIONS = YES;
				CLANG_WARN_DIRECT_OBJC_ISA_USAGE = YES_ERROR;
				CLANG_WARN_DOCUMENTATION_COMMENTS = YES;
				CLANG_WARN_EMPTY_BODY = YES;
				CLANG_WARN_ENUM_CONVERSION = YES;
				CLANG_WARN_INFINITE_RECURSION = YES;
				CLANG_WARN_INT_CONVERSION = YES;
				CLANG_WARN_NON_LITERAL_NULL_CONVERSION = YES;
				CLANG_WARN_OBJC_IMPLICIT_RETAIN_SELF = YES;
				CLANG_WARN_OBJC_LITERAL_CONVERSION = YES;
				CLANG_WARN_OBJC_ROOT_CLASS = YES_ERROR;
				CLANG_WARN_QUOTED_INCLUDE_IN_FRAMEWORK_HEADER = YES;
				CLANG_WARN_RANGE_LOOP_ANALYSIS = YES;
				CLANG_WARN_STRICT_PROTOTYPES = YES;
				CLANG_WARN_SUSPICIOUS_MOVE = YES;
				CLANG_WARN_UNGUARDED_AVAILABILITY = YES_AGGRESSIVE;
				CLANG_WARN_UNREACHABLE_CODE = YES;
				CLANG_WARN__DUPLICATE_METHOD_MATCH = YES;
				COPY_PHASE_STRIP = NO;
				DEBUG_INFORMATION_FORMAT = dwarf;
				ENABLE_STRICT_OBJC_MSGSEND = YES;
				ENABLE_TESTABILITY = YES;
				ENABLE_USER_SCRIPT_SANDBOXING = YES;
				GCC_C_LANGUAGE_STANDARD = gnu17;
				GCC_DYNAMIC_NO_PIC = NO;
				GCC_NO_COMMON_BLOCKS = YES;
				GCC_OPTIMIZATION_LEVEL = 0;
				GCC_PREPROCESSOR_DEFINITIONS = (
					"DEBUG=1",
					"$(inherited)",
				);
				GCC_WARN_64_TO_32_BIT_CONVERSION = YES;
				GCC_WARN_ABOUT_RETURN_TYPE = YES_ERROR;
				GCC_WARN_UNDECLARED_SELECTOR = YES;
				GCC_WARN_UNINITIALIZED_AUTOS = YES_AGGRESSIVE;
				GCC_WARN_UNUSED_FUNCTION = YES;
				GCC_WARN_UNUSED_VARIABLE = YES;
				IPHONEOS_DEPLOYMENT_TARGET = 18.5;
				LOCALIZATION_PREFERS_STRING_CATALOGS = YES;
				MTL_ENABLE_DEBUG_INFO = INCLUDE_SOURCE;
				MTL_FAST_MATH = YES;
				ONLY_ACTIVE_ARCH = YES;
				SDKROOT = iphoneos;
				SWIFT_ACTIVE_COMPILATION_CONDITIONS = "DEBUG $(inherited)";
				SWIFT_OPTIMIZATION_LEVEL = "-Onone";
			};
			name = Debug;
		};
		5C4182EF2E2E7F6E002814DC /* Release */ = {
			isa = XCBuildConfiguration;
			buildSettings = {
				ALWAYS_SEARCH_USER_PATHS = NO;
				ASSETCATALOG_COMPILER_GENERATE_SWIFT_ASSET_SYMBOL_EXTENSIONS = YES;
				CLANG_ANALYZER_NONNULL = YES;
				CLANG_ANALYZER_NUMBER_OBJECT_CONVERSION = YES_AGGRESSIVE;
				CLANG_CXX_LANGUAGE_STANDARD = "gnu++20";
				CLANG_ENABLE_MODULES = YES;
				CLANG_ENABLE_OBJC_ARC = YES;
				CLANG_ENABLE_OBJC_WEAK = YES;
				CLANG_WARN_BLOCK_CAPTURE_AUTORELEASING = YES;
				CLANG_WARN_BOOL_CONVERSION = YES;
				CLANG_WARN_COMMA = YES;
				CLANG_WARN_CONSTANT_CONVERSION = YES;
				CLANG_WARN_DEPRECATED_OBJC_IMPLEMENTATIONS = YES;
				CLANG_WARN_DIRECT_OBJC_ISA_USAGE = YES_ERROR;
				CLANG_WARN_DOCUMENTATION_COMMENTS = YES;
				CLANG_WARN_EMPTY_BODY = YES;
				CLANG_WARN_ENUM_CONVERSION = YES;
				CLANG_WARN_INFINITE_RECURSION = YES;
				CLANG_WARN_INT_CONVERSION = YES;
				CLANG_WARN_NON_LITERAL_NULL_CONVERSION = YES;
				CLANG_WARN_OBJC_IMPLICIT_RETAIN_SELF = YES;
				CLANG_WARN_OBJC_LITERAL_CONVERSION = YES;
				CLANG_WARN_OBJC_ROOT_CLASS = YES_ERROR;
				CLANG_WARN_QUOTED_INCLUDE_IN_FRAMEWORK_HEADER = YES;
				CLANG_WARN_RANGE_LOOP_ANALYSIS = YES;
				CLANG_WARN_STRICT_PROTOTYPES = YES;
				CLANG_WARN_SUSPICIOUS_MOVE = YES;
				CLANG_WARN_UNGUARDED_AVAILABILITY = YES_AGGRESSIVE;
				CLANG_WARN_UNREACHABLE_CODE = YES;
				CLANG_WARN__DUPLICATE_METHOD_MATCH = YES;
				COPY_PHASE_STRIP = NO;
				DEBUG_INFORMATION_FORMAT = "dwarf-with-dsym";
				ENABLE_NS_ASSERTIONS = NO;
				ENABLE_STRICT_OBJC_MSGSEND = YES;
				ENABLE_USER_SCRIPT_SANDBOXING = YES;
				GCC_C_LANGUAGE_STANDARD = gnu17;
				GCC_NO_COMMON_BLOCKS = YES;
				GCC_WARN_64_TO_32_BIT_CONVERSION = YES;
				GCC_WARN_ABOUT_RETURN_TYPE = YES_ERROR;
				GCC_WARN_UNDECLARED_SELECTOR = YES;
				GCC_WARN_UNINITIALIZED_AUTOS = YES_AGGRESSIVE;
				GCC_WARN_UNUSED_FUNCTION = YES;
				GCC_WARN_UNUSED_VARIABLE = YES;
				IPHONEOS_DEPLOYMENT_TARGET = 18.5;
				LOCALIZATION_PREFERS_STRING_CATALOGS = YES;
				MTL_ENABLE_DEBUG_INFO = NO;
				MTL_FAST_MATH = YES;
				SDKROOT = iphoneos;
				SWIFT_COMPILATION_MODE = wholemodule;
				VALIDATE_PRODUCT = YES;
			};
			name = Release;
		};
		5C4182F12E2E7F6E002814DC /* Debug */ = {
			isa = XCBuildConfiguration;
			buildSettings = {
				ASSETCATALOG_COMPILER_APPICON_NAME = AppIcon;
				ASSETCATALOG_COMPILER_GLOBAL_ACCENT_COLOR_NAME = AccentColor;
				CODE_SIGN_STYLE = Automatic;
				CURRENT_PROJECT_VERSION = 1;
				DEVELOPMENT_TEAM = VAGN44WV6Q;
				ENABLE_PREVIEWS = YES;
				GENERATE_INFOPLIST_FILE = YES;
				INFOPLIST_FILE = DaysToGo/Info.plist;
				INFOPLIST_KEY_UIApplicationSceneManifest_Generation = YES;
				INFOPLIST_KEY_UIApplicationSupportsIndirectInputEvents = YES;
				INFOPLIST_KEY_UILaunchScreen_Generation = YES;
				INFOPLIST_KEY_UISupportedInterfaceOrientations_iPad = "UIInterfaceOrientationPortrait UIInterfaceOrientationPortraitUpsideDown UIInterfaceOrientationLandscapeLeft UIInterfaceOrientationLandscapeRight";
				INFOPLIST_KEY_UISupportedInterfaceOrientations_iPhone = "UIInterfaceOrientationPortrait UIInterfaceOrientationLandscapeLeft UIInterfaceOrientationLandscapeRight";
				LD_RUNPATH_SEARCH_PATHS = (
					"$(inherited)",
					"@executable_path/Frameworks",
				);
				MARKETING_VERSION = 1.0;
				PRODUCT_BUNDLE_IDENTIFIER = wright.DaysToGo;
				PRODUCT_NAME = "$(TARGET_NAME)";
				SWIFT_EMIT_LOC_STRINGS = YES;
				SWIFT_VERSION = 5.0;
				TARGETED_DEVICE_FAMILY = "1,2";
			};
			name = Debug;
		};
		5C4182F22E2E7F6E002814DC /* Release */ = {
			isa = XCBuildConfiguration;
			buildSettings = {
				ASSETCATALOG_COMPILER_APPICON_NAME = AppIcon;
				ASSETCATALOG_COMPILER_GLOBAL_ACCENT_COLOR_NAME = AccentColor;
				CODE_SIGN_STYLE = Automatic;
				CURRENT_PROJECT_VERSION = 1;
				DEVELOPMENT_TEAM = VAGN44WV6Q;
				ENABLE_PREVIEWS = YES;
				GENERATE_INFOPLIST_FILE = YES;
				INFOPLIST_FILE = DaysToGo/Info.plist;
				INFOPLIST_KEY_UIApplicationSceneManifest_Generation = YES;
				INFOPLIST_KEY_UIApplicationSupportsIndirectInputEvents = YES;
				INFOPLIST_KEY_UILaunchScreen_Generation = YES;
				INFOPLIST_KEY_UISupportedInterfaceOrientations_iPad = "UIInterfaceOrientationPortrait UIInterfaceOrientationPortraitUpsideDown UIInterfaceOrientationLandscapeLeft UIInterfaceOrientationLandscapeRight";
				INFOPLIST_KEY_UISupportedInterfaceOrientations_iPhone = "UIInterfaceOrientationPortrait UIInterfaceOrientationLandscapeLeft UIInterfaceOrientationLandscapeRight";
				LD_RUNPATH_SEARCH_PATHS = (
					"$(inherited)",
					"@executable_path/Frameworks",
				);
				MARKETING_VERSION = 1.0;
				PRODUCT_BUNDLE_IDENTIFIER = wright.DaysToGo;
				PRODUCT_NAME = "$(TARGET_NAME)";
				SWIFT_EMIT_LOC_STRINGS = YES;
				SWIFT_VERSION = 5.0;
				TARGETED_DEVICE_FAMILY = "1,2";
			};
			name = Release;
		};
		5C4182F42E2E7F6E002814DC /* Debug */ = {
			isa = XCBuildConfiguration;
			buildSettings = {
				BUNDLE_LOADER = "$(TEST_HOST)";
				CODE_SIGN_STYLE = Automatic;
				CURRENT_PROJECT_VERSION = 1;
				GENERATE_INFOPLIST_FILE = YES;
				IPHONEOS_DEPLOYMENT_TARGET = 18.5;
				MARKETING_VERSION = 1.0;
				PRODUCT_BUNDLE_IDENTIFIER = wright.DaysToGoTests;
				PRODUCT_NAME = "$(TARGET_NAME)";
				SWIFT_EMIT_LOC_STRINGS = NO;
				SWIFT_VERSION = 5.0;
				TARGETED_DEVICE_FAMILY = "1,2";
				TEST_HOST = "$(BUILT_PRODUCTS_DIR)/DaysToGo.app/$(BUNDLE_EXECUTABLE_FOLDER_PATH)/DaysToGo";
			};
			name = Debug;
		};
		5C4182F52E2E7F6E002814DC /* Release */ = {
			isa = XCBuildConfiguration;
			buildSettings = {
				BUNDLE_LOADER = "$(TEST_HOST)";
				CODE_SIGN_STYLE = Automatic;
				CURRENT_PROJECT_VERSION = 1;
				GENERATE_INFOPLIST_FILE = YES;
				IPHONEOS_DEPLOYMENT_TARGET = 18.5;
				MARKETING_VERSION = 1.0;
				PRODUCT_BUNDLE_IDENTIFIER = wright.DaysToGoTests;
				PRODUCT_NAME = "$(TARGET_NAME)";
				SWIFT_EMIT_LOC_STRINGS = NO;
				SWIFT_VERSION = 5.0;
				TARGETED_DEVICE_FAMILY = "1,2";
				TEST_HOST = "$(BUILT_PRODUCTS_DIR)/DaysToGo.app/$(BUNDLE_EXECUTABLE_FOLDER_PATH)/DaysToGo";
			};
			name = Release;
		};
		5C4182F72E2E7F6E002814DC /* Debug */ = {
			isa = XCBuildConfiguration;
			buildSettings = {
				CODE_SIGN_STYLE = Automatic;
				CURRENT_PROJECT_VERSION = 1;
				GENERATE_INFOPLIST_FILE = YES;
				MARKETING_VERSION = 1.0;
				PRODUCT_BUNDLE_IDENTIFIER = wright.DaysToGoUITests;
				PRODUCT_NAME = "$(TARGET_NAME)";
				SWIFT_EMIT_LOC_STRINGS = NO;
				SWIFT_VERSION = 5.0;
				TARGETED_DEVICE_FAMILY = "1,2";
				TEST_TARGET_NAME = DaysToGo;
			};
			name = Debug;
		};
		5C4182F82E2E7F6E002814DC /* Release */ = {
			isa = XCBuildConfiguration;
			buildSettings = {
				CODE_SIGN_STYLE = Automatic;
				CURRENT_PROJECT_VERSION = 1;
				GENERATE_INFOPLIST_FILE = YES;
				MARKETING_VERSION = 1.0;
				PRODUCT_BUNDLE_IDENTIFIER = wright.DaysToGoUITests;
				PRODUCT_NAME = "$(TARGET_NAME)";
				SWIFT_EMIT_LOC_STRINGS = NO;
				SWIFT_VERSION = 5.0;
				TARGETED_DEVICE_FAMILY = "1,2";
				TEST_TARGET_NAME = DaysToGo;
			};
			name = Release;
		};
/* End XCBuildConfiguration section */

/* Begin XCConfigurationList section */
		5C4182CA2E2E7F6C002814DC /* Build configuration list for PBXProject "DaysToGo" */ = {
			isa = XCConfigurationList;
			buildConfigurations = (
				5C4182EE2E2E7F6E002814DC /* Debug */,
				5C4182EF2E2E7F6E002814DC /* Release */,
			);
			defaultConfigurationIsVisible = 0;
			defaultConfigurationName = Release;
		};
		5C4182F02E2E7F6E002814DC /* Build configuration list for PBXNativeTarget "DaysToGo" */ = {
			isa = XCConfigurationList;
			buildConfigurations = (
				5C4182F12E2E7F6E002814DC /* Debug */,
				5C4182F22E2E7F6E002814DC /* Release */,
			);
			defaultConfigurationIsVisible = 0;
			defaultConfigurationName = Release;
		};
		5C4182F32E2E7F6E002814DC /* Build configuration list for PBXNativeTarget "DaysToGoTests" */ = {
			isa = XCConfigurationList;
			buildConfigurations = (
				5C4182F42E2E7F6E002814DC /* Debug */,
				5C4182F52E2E7F6E002814DC /* Release */,
			);
			defaultConfigurationIsVisible = 0;
			defaultConfigurationName = Release;
		};
		5C4182F62E2E7F6E002814DC /* Build configuration list for PBXNativeTarget "DaysToGoUITests" */ = {
			isa = XCConfigurationList;
			buildConfigurations = (
				5C4182F72E2E7F6E002814DC /* Debug */,
				5C4182F82E2E7F6E002814DC /* Release */,
			);
			defaultConfigurationIsVisible = 0;
			defaultConfigurationName = Release;
		};
/* End XCConfigurationList section */
	};
	rootObject = 5C4182C72E2E7F6C002814DC /* Project object */;
}
